{
  "name": "@khanacademy/wonder-blocks-button",
  "version": "0.0.6",
  "lockfileVersion": 1,
  "requires": true,
  "dependencies": {
    "@khanacademy/wonder-blocks-color": {
      "version": "0.0.6",
      "resolved": "https://registry.npmjs.org/@khanacademy/wonder-blocks-color/-/wonder-blocks-color-0.0.6.tgz",
      "integrity": "sha1-rgRu8GxNJpmBwmIRUyvonANNWkc="
    },
    "@khanacademy/wonder-blocks-core": {
      "version": "0.0.5",
      "resolved": "https://registry.npmjs.org/@khanacademy/wonder-blocks-core/-/wonder-blocks-core-0.0.5.tgz",
      "integrity": "sha512-whRlLm0nEfMRTtOU5xENtCKXwrQZdxM+lgxlWOcNeeyA6K62ST6Xa6WFuWwbw+itAxoVT2h986vOwceQVdjgeA=="
    },
    "@khanacademy/wonder-blocks-typography": {
      "version": "0.0.7",
      "resolved": "https://registry.npmjs.org/@khanacademy/wonder-blocks-typography/-/wonder-blocks-typography-0.0.7.tgz",
      "integrity": "sha1-QABqDxGrPCs1Ony+VmzjUIQa68s=",
      "requires": {
        "@khanacademy/wonder-blocks-core": "0.0.5"
      }
    }
  }
}
