{
  "name": "wonder-blocks-color",
  "version": "0.0.1",
  "lockfileVersion": 1,
  "requires": true,
  "dependencies": {
    "wonder-blocks-core": {
      "version": "file:../wonder-blocks-core",
      "dev": true
    },
    "wonder-blocks-typography": {
      "version": "file:../wonder-blocks-typography",
      "dev": true,
      "requires": {
        "wonder-blocks-color": "file:",
        "wonder-blocks-core": "file:../wonder-blocks-core"
      },
      "dependencies": {
        "wonder-blocks-color": {
          "version": "file:",
          "bundled": true,
          "dev": true,
          "dependencies": {
            "wonder-blocks-core": {
              "version": "0.0.1",
              "bundled": true
            }
          }
        },
        "wonder-blocks-core": {
          "version": "file:../wonder-blocks-core",
          "bundled": true,
          "dev": true
        }
      }
    }
  }
}
