{
  "name": "wonder-blocks-modal",
  "version": "0.0.1",
  "lockfileVersion": 1,
  "requires": true,
  "dependencies": {
    "wonder-blocks-color": {
      "version": "file:../wonder-blocks-color"
    },
    "wonder-blocks-core": {
      "version": "file:../wonder-blocks-core"
    },
    "wonder-blocks-grid": {
      "version": "file:../wonder-blocks-grid",
      "requires": {
        "wonder-blocks-color": "file:../wonder-blocks-color",
        "wonder-blocks-core": "file:../wonder-blocks-core",
        "wonder-blocks-spacing": "file:../wonder-blocks-spacing"
      },
      "dependencies": {
        "wonder-blocks-color": {
          "version": "file:../wonder-blocks-color",
          "bundled": true
        },
        "wonder-blocks-core": {
          "version": "file:../wonder-blocks-core",
          "bundled": true
        },
        "wonder-blocks-spacing": {
          "version": "file:../wonder-blocks-spacing",
          "bundled": true
        }
      }
    },
    "wonder-blocks-typography": {
      "version": "file:../wonder-blocks-typography",
      "requires": {
        "wonder-blocks-core": "file:../wonder-blocks-core"
      },
      "dependencies": {
        "wonder-blocks-color": {
          "version": "file:../wonder-blocks-color",
          "bundled": true
        },
        "wonder-blocks-core": {
          "version": "file:../wonder-blocks-core",
          "bundled": true
        }
      }
    }
  }
}
