{
  "name": "@khanacademy/wonder-blocks-typography",
  "version": "0.0.7",
  "lockfileVersion": 1,
  "requires": true,
  "dependencies": {
    "@khanacademy/wonder-blocks-core": {
      "version": "0.0.6",
      "resolved": "https://registry.npmjs.org/@khanacademy/wonder-blocks-core/-/wonder-blocks-core-0.0.6.tgz",
      "integrity": "sha1-xPzhccU4D+IaWdUz/DjRAGiTD7A="
    }
  }
}
